
Microsoft Visual Studio Solution File, Format Version 12.00
# Visual Studio Version 16
VisualStudioVersion = 16.0.30204.135
MinimumVisualStudioVersion = 10.0.40219.1
Project("{FAE04EC0-301F-11D3-BF4B-00C04F79EFBC}") = "GasStation.API", "GasStation.API\GasStation.API.csproj", "{78F507E8-5EA4-4C10-AA77-93B69A2A64B3}"
EndProject
Project("{2150E333-8FDC-42A3-9474-1A3956D46DE8}") = "1-API", "1-API", "{32326155-DE17-4416-804E-1B4B228C737C}"
EndProject
Project("{2150E333-8FDC-42A3-9474-1A3956D46DE8}") = "2-Domain", "2-Domain", "{AD4959F4-525B-489A-8F30-5301791F8DD6}"
EndProject
Project("{2150E333-8FDC-42A3-9474-1A3956D46DE8}") = "3-Repository", "3-Repository", "{B76A80B1-9B01-438E-A950-F0E3E67DDAF5}"
EndProject
Project("{FAE04EC0-301F-11D3-BF4B-00C04F79EFBC}") = "GasStation.Domain", "GasStation.Domain\GasStation.Domain.csproj", "{1104ED9D-0A5E-43E0-BCA0-78C49BB9D1D2}"
EndProject
Project("{FAE04EC0-301F-11D3-BF4B-00C04F79EFBC}") = "GasStation.Repositories", "GasStation.Repositories\GasStation.Repositories.csproj", "{CEAABADB-0FA9-4961-9DF7-45C059177C7D}"
EndProject
Project("{E53339B2-1760-4266-BCC7-CA923CBCF16C}") = "docker-compose", "docker-compose.dcproj", "{521C3685-1D38-4F8A-A228-DCF066BBE83F}"
EndProject
Global
	GlobalSection(SolutionConfigurationPlatforms) = preSolution
		Debug|Any CPU = Debug|Any CPU
		Release|Any CPU = Release|Any CPU
	EndGlobalSection
	GlobalSection(ProjectConfigurationPlatforms) = postSolution
		{78F507E8-5EA4-4C10-AA77-93B69A2A64B3}.Debug|Any CPU.ActiveCfg = Debug|Any CPU
		{78F507E8-5EA4-4C10-AA77-93B69A2A64B3}.Debug|Any CPU.Build.0 = Debug|Any CPU
		{78F507E8-5EA4-4C10-AA77-93B69A2A64B3}.Release|Any CPU.ActiveCfg = Release|Any CPU
		{78F507E8-5EA4-4C10-AA77-93B69A2A64B3}.Release|Any CPU.Build.0 = Release|Any CPU
		{1104ED9D-0A5E-43E0-BCA0-78C49BB9D1D2}.Debug|Any CPU.ActiveCfg = Debug|Any CPU
		{1104ED9D-0A5E-43E0-BCA0-78C49BB9D1D2}.Debug|Any CPU.Build.0 = Debug|Any CPU
		{1104ED9D-0A5E-43E0-BCA0-78C49BB9D1D2}.Release|Any CPU.ActiveCfg = Release|Any CPU
		{1104ED9D-0A5E-43E0-BCA0-78C49BB9D1D2}.Release|Any CPU.Build.0 = Release|Any CPU
		{CEAABADB-0FA9-4961-9DF7-45C059177C7D}.Debug|Any CPU.ActiveCfg = Debug|Any CPU
		{CEAABADB-0FA9-4961-9DF7-45C059177C7D}.Debug|Any CPU.Build.0 = Debug|Any CPU
		{CEAABADB-0FA9-4961-9DF7-45C059177C7D}.Release|Any CPU.ActiveCfg = Release|Any CPU
		{CEAABADB-0FA9-4961-9DF7-45C059177C7D}.Release|Any CPU.Build.0 = Release|Any CPU
		{521C3685-1D38-4F8A-A228-DCF066BBE83F}.Debug|Any CPU.ActiveCfg = Debug|Any CPU
		{521C3685-1D38-4F8A-A228-DCF066BBE83F}.Debug|Any CPU.Build.0 = Debug|Any CPU
		{521C3685-1D38-4F8A-A228-DCF066BBE83F}.Release|Any CPU.ActiveCfg = Release|Any CPU
		{521C3685-1D38-4F8A-A228-DCF066BBE83F}.Release|Any CPU.Build.0 = Release|Any CPU
	EndGlobalSection
	GlobalSection(SolutionProperties) = preSolution
		HideSolutionNode = FALSE
	EndGlobalSection
	GlobalSection(NestedProjects) = preSolution
		{78F507E8-5EA4-4C10-AA77-93B69A2A64B3} = {32326155-DE17-4416-804E-1B4B228C737C}
		{1104ED9D-0A5E-43E0-BCA0-78C49BB9D1D2} = {AD4959F4-525B-489A-8F30-5301791F8DD6}
		{CEAABADB-0FA9-4961-9DF7-45C059177C7D} = {B76A80B1-9B01-438E-A950-F0E3E67DDAF5}
	EndGlobalSection
	GlobalSection(ExtensibilityGlobals) = postSolution
		SolutionGuid = {32DD6802-64EF-4643-8530-627786A7C267}
	EndGlobalSection
EndGlobal
